{
  "nodes": {
    "nixpkgs": {
      "locked": {
        "lastModified": 1764886837,
        "narHash": "sha256-yFrTYl0YJ8NZItKw0qCZMqZ7npYZDqwk7xilmF13lxg=",
        "rev": "bd88d6c13ab85cc842b93d53f68d6d40412e5a18",
        "type": "tarball",
        "url": "https://releases.nixos.org/nixpkgs/nixpkgs-26.05pre906777.bd88d6c13ab8/nixexprs.tar.xz"
      },
      "original": {
        "type": "tarball",
        "url": "https://channels.nixos.org/nixpkgs-unstable/nixexprs.tar.xz"
      }
    },
    "root": {
      "inputs": {
        "nixpkgs": "nixpkgs"
      }
    }
  },
  "root": "root",
  "version": 7
}
